
Microsoft Visual Studio Solution File, Format Version 12.00
# Visual Studio 2013
VisualStudioVersion = 12.0.31101.0
MinimumVisualStudioVersion = 10.0.40219.1
Project("{FAE04EC0-301F-11D3-BF4B-00C04F79EFBC}") = "DialectSoftware.Composition", "DialectSoftware.Composition\DialectSoftware.Composition.csproj", "{A6CB9115-AA3B-4493-A2A3-C60CC2AF8AB9}"
EndProject
Project("{FAE04EC0-301F-11D3-BF4B-00C04F79EFBC}") = "DialectSoftware.Hoodoo", "DialectSoftware.Hoodoo\DialectSoftware.Hoodoo.csproj", "{A576F92E-CFFF-4626-85F3-2768D19D6357}"
EndProject
Project("{2150E333-8FDC-42A3-9474-1A3956D46DE8}") = "Help File", "Help File", "{7E9E40D9-433F-43A0-A219-683BC9673CE0}"
	ProjectSection(SolutionItems) = preProject
		Help\Conjure Framework.chm = Help\Conjure Framework.chm
	EndProjectSection
EndProject
Project("{2150E333-8FDC-42A3-9474-1A3956D46DE8}") = "Example", "Example", "{E0343F42-5E40-4A53-9F80-53B6A5C6642C}"
EndProject
Project("{FAE04EC0-301F-11D3-BF4B-00C04F79EFBC}") = "Conjure", "Example\Conjure.csproj", "{D4E104CA-5DD8-4C37-8B4A-BED70691D832}"
EndProject
Global
	GlobalSection(SolutionConfigurationPlatforms) = preSolution
		Debug|Any CPU = Debug|Any CPU
		Release|Any CPU = Release|Any CPU
	EndGlobalSection
	GlobalSection(ProjectConfigurationPlatforms) = postSolution
		{A6CB9115-AA3B-4493-A2A3-C60CC2AF8AB9}.Debug|Any CPU.ActiveCfg = Debug|Any CPU
		{A6CB9115-AA3B-4493-A2A3-C60CC2AF8AB9}.Debug|Any CPU.Build.0 = Debug|Any CPU
		{A6CB9115-AA3B-4493-A2A3-C60CC2AF8AB9}.Release|Any CPU.ActiveCfg = Release|Any CPU
		{A6CB9115-AA3B-4493-A2A3-C60CC2AF8AB9}.Release|Any CPU.Build.0 = Release|Any CPU
		{A576F92E-CFFF-4626-85F3-2768D19D6357}.Debug|Any CPU.ActiveCfg = Debug|Any CPU
		{A576F92E-CFFF-4626-85F3-2768D19D6357}.Debug|Any CPU.Build.0 = Debug|Any CPU
		{A576F92E-CFFF-4626-85F3-2768D19D6357}.Release|Any CPU.ActiveCfg = Release|Any CPU
		{A576F92E-CFFF-4626-85F3-2768D19D6357}.Release|Any CPU.Build.0 = Release|Any CPU
		{D4E104CA-5DD8-4C37-8B4A-BED70691D832}.Debug|Any CPU.ActiveCfg = Debug|Any CPU
		{D4E104CA-5DD8-4C37-8B4A-BED70691D832}.Debug|Any CPU.Build.0 = Debug|Any CPU
		{D4E104CA-5DD8-4C37-8B4A-BED70691D832}.Release|Any CPU.ActiveCfg = Release|Any CPU
		{D4E104CA-5DD8-4C37-8B4A-BED70691D832}.Release|Any CPU.Build.0 = Release|Any CPU
	EndGlobalSection
	GlobalSection(SolutionProperties) = preSolution
		HideSolutionNode = FALSE
	EndGlobalSection
	GlobalSection(NestedProjects) = preSolution
		{D4E104CA-5DD8-4C37-8B4A-BED70691D832} = {E0343F42-5E40-4A53-9F80-53B6A5C6642C}
	EndGlobalSection
EndGlobal
